
Microsoft Visual Studio Solution File, Format Version 11.00
# Visual Studio 2010
Project("{FAE04EC0-301F-11D3-BF4B-00C04F79EFBC}") = "hoachdinhtuonglai", "hoachdinhtuonglai.csproj", "{42980036-A19A-41F5-AB21-A32FF05A6C12}"
EndProject
Project("{FAE04EC0-301F-11D3-BF4B-00C04F79EFBC}") = "Library", "..\Library\Library.csproj", "{A9582991-F4A5-4A5B-91E3-301DDCCA2F11}"
EndProject
Project("{FAE04EC0-301F-11D3-BF4B-00C04F79EFBC}") = "Winthusiasm.HtmlEditor", "..\Winthusiasm.HtmlEditor\Winthusiasm.HtmlEditor.csproj", "{BC99173D-2EF8-4D7E-B0AE-3BC1CC55E3B6}"
EndProject
Global
	GlobalSection(SolutionConfigurationPlatforms) = preSolution
		Debug|Any CPU = Debug|Any CPU
		Release|Any CPU = Release|Any CPU
	EndGlobalSection
	GlobalSection(ProjectConfigurationPlatforms) = postSolution
		{42980036-A19A-41F5-AB21-A32FF05A6C12}.Debug|Any CPU.ActiveCfg = Debug|Any CPU
		{42980036-A19A-41F5-AB21-A32FF05A6C12}.Debug|Any CPU.Build.0 = Debug|Any CPU
		{42980036-A19A-41F5-AB21-A32FF05A6C12}.Release|Any CPU.ActiveCfg = Release|Any CPU
		{42980036-A19A-41F5-AB21-A32FF05A6C12}.Release|Any CPU.Build.0 = Release|Any CPU
		{A9582991-F4A5-4A5B-91E3-301DDCCA2F11}.Debug|Any CPU.ActiveCfg = Debug|Any CPU
		{A9582991-F4A5-4A5B-91E3-301DDCCA2F11}.Debug|Any CPU.Build.0 = Debug|Any CPU
		{A9582991-F4A5-4A5B-91E3-301DDCCA2F11}.Release|Any CPU.ActiveCfg = Release|Any CPU
		{A9582991-F4A5-4A5B-91E3-301DDCCA2F11}.Release|Any CPU.Build.0 = Release|Any CPU
		{BC99173D-2EF8-4D7E-B0AE-3BC1CC55E3B6}.Debug|Any CPU.ActiveCfg = Debug|Any CPU
		{BC99173D-2EF8-4D7E-B0AE-3BC1CC55E3B6}.Debug|Any CPU.Build.0 = Debug|Any CPU
		{BC99173D-2EF8-4D7E-B0AE-3BC1CC55E3B6}.Release|Any CPU.ActiveCfg = Release|Any CPU
		{BC99173D-2EF8-4D7E-B0AE-3BC1CC55E3B6}.Release|Any CPU.Build.0 = Release|Any CPU
	EndGlobalSection
	GlobalSection(SolutionProperties) = preSolution
		HideSolutionNode = FALSE
	EndGlobalSection
EndGlobal
